
Microsoft Visual Studio Solution File, Format Version 12.00
# Visual Studio Version 16
VisualStudioVersion = 16.0.31321.278
MinimumVisualStudioVersion = 10.0.40219.1
Project("{8BC9CEB8-8B4A-11D0-8D11-00A0C91BC942}") = "dop 1", "dop 1.vcxproj", "{4BC38E89-4860-4236-9AE0-1971B689C103}"
EndProject
Global
	GlobalSection(SolutionConfigurationPlatforms) = preSolution
		Debug|x64 = Debug|x64
		Debug|x86 = Debug|x86
		Release|x64 = Release|x64
		Release|x86 = Release|x86
	EndGlobalSection
	GlobalSection(ProjectConfigurationPlatforms) = postSolution
		{4BC38E89-4860-4236-9AE0-1971B689C103}.Debug|x64.ActiveCfg = Debug|x64
		{4BC38E89-4860-4236-9AE0-1971B689C103}.Debug|x64.Build.0 = Debug|x64
		{4BC38E89-4860-4236-9AE0-1971B689C103}.Debug|x86.ActiveCfg = Debug|Win32
		{4BC38E89-4860-4236-9AE0-1971B689C103}.Debug|x86.Build.0 = Debug|Win32
		{4BC38E89-4860-4236-9AE0-1971B689C103}.Release|x64.ActiveCfg = Release|x64
		{4BC38E89-4860-4236-9AE0-1971B689C103}.Release|x64.Build.0 = Release|x64
		{4BC38E89-4860-4236-9AE0-1971B689C103}.Release|x86.ActiveCfg = Release|Win32
		{4BC38E89-4860-4236-9AE0-1971B689C103}.Release|x86.Build.0 = Release|Win32
	EndGlobalSection
	GlobalSection(SolutionProperties) = preSolution
		HideSolutionNode = FALSE
	EndGlobalSection
	GlobalSection(ExtensibilityGlobals) = postSolution
		SolutionGuid = {31CBAF8B-41F6-419E-A95C-66A1455B7506}
	EndGlobalSection
EndGlobal
