
Microsoft Visual Studio Solution File, Format Version 12.00
# Visual Studio Version 16
VisualStudioVersion = 16.0.31321.278
MinimumVisualStudioVersion = 10.0.40219.1
Project("{8BC9CEB8-8B4A-11D0-8D11-00A0C91BC942}") = "dop 2 variant 14(2)", "dop 2 variant 14(2).vcxproj", "{5987475C-15D8-4DF2-93B0-778F4CA80A84}"
EndProject
Global
	GlobalSection(SolutionConfigurationPlatforms) = preSolution
		Debug|x64 = Debug|x64
		Debug|x86 = Debug|x86
		Release|x64 = Release|x64
		Release|x86 = Release|x86
	EndGlobalSection
	GlobalSection(ProjectConfigurationPlatforms) = postSolution
		{5987475C-15D8-4DF2-93B0-778F4CA80A84}.Debug|x64.ActiveCfg = Debug|x64
		{5987475C-15D8-4DF2-93B0-778F4CA80A84}.Debug|x64.Build.0 = Debug|x64
		{5987475C-15D8-4DF2-93B0-778F4CA80A84}.Debug|x86.ActiveCfg = Debug|Win32
		{5987475C-15D8-4DF2-93B0-778F4CA80A84}.Debug|x86.Build.0 = Debug|Win32
		{5987475C-15D8-4DF2-93B0-778F4CA80A84}.Release|x64.ActiveCfg = Release|x64
		{5987475C-15D8-4DF2-93B0-778F4CA80A84}.Release|x64.Build.0 = Release|x64
		{5987475C-15D8-4DF2-93B0-778F4CA80A84}.Release|x86.ActiveCfg = Release|Win32
		{5987475C-15D8-4DF2-93B0-778F4CA80A84}.Release|x86.Build.0 = Release|Win32
	EndGlobalSection
	GlobalSection(SolutionProperties) = preSolution
		HideSolutionNode = FALSE
	EndGlobalSection
	GlobalSection(ExtensibilityGlobals) = postSolution
		SolutionGuid = {98DAFE26-EB3C-4AD5-84AD-7D17A949D2A0}
	EndGlobalSection
EndGlobal
