
Microsoft Visual Studio Solution File, Format Version 12.00
# Visual Studio Version 16
VisualStudioVersion = 16.0.31321.278
MinimumVisualStudioVersion = 10.0.40219.1
Project("{8BC9CEB8-8B4A-11D0-8D11-00A0C91BC942}") = "dop 3", "dop 3.vcxproj", "{1E390B18-25C9-47DB-A8C5-D07152181324}"
EndProject
Global
	GlobalSection(SolutionConfigurationPlatforms) = preSolution
		Debug|x64 = Debug|x64
		Debug|x86 = Debug|x86
		Release|x64 = Release|x64
		Release|x86 = Release|x86
	EndGlobalSection
	GlobalSection(ProjectConfigurationPlatforms) = postSolution
		{1E390B18-25C9-47DB-A8C5-D07152181324}.Debug|x64.ActiveCfg = Debug|x64
		{1E390B18-25C9-47DB-A8C5-D07152181324}.Debug|x64.Build.0 = Debug|x64
		{1E390B18-25C9-47DB-A8C5-D07152181324}.Debug|x86.ActiveCfg = Debug|Win32
		{1E390B18-25C9-47DB-A8C5-D07152181324}.Debug|x86.Build.0 = Debug|Win32
		{1E390B18-25C9-47DB-A8C5-D07152181324}.Release|x64.ActiveCfg = Release|x64
		{1E390B18-25C9-47DB-A8C5-D07152181324}.Release|x64.Build.0 = Release|x64
		{1E390B18-25C9-47DB-A8C5-D07152181324}.Release|x86.ActiveCfg = Release|Win32
		{1E390B18-25C9-47DB-A8C5-D07152181324}.Release|x86.Build.0 = Release|Win32
	EndGlobalSection
	GlobalSection(SolutionProperties) = preSolution
		HideSolutionNode = FALSE
	EndGlobalSection
	GlobalSection(ExtensibilityGlobals) = postSolution
		SolutionGuid = {1FAC3CBD-4A03-4E31-81C7-95D7A3A84DF1}
	EndGlobalSection
EndGlobal
