
Microsoft Visual Studio Solution File, Format Version 12.00
# Visual Studio Version 16
VisualStudioVersion = 16.0.31321.278
MinimumVisualStudioVersion = 10.0.40219.1
Project("{8BC9CEB8-8B4A-11D0-8D11-00A0C91BC942}") = "spisok", "spisok.vcxproj", "{F07FA33C-9176-44E7-B902-18D560865CD9}"
EndProject
Global
	GlobalSection(SolutionConfigurationPlatforms) = preSolution
		Debug|x64 = Debug|x64
		Debug|x86 = Debug|x86
		Release|x64 = Release|x64
		Release|x86 = Release|x86
	EndGlobalSection
	GlobalSection(ProjectConfigurationPlatforms) = postSolution
		{F07FA33C-9176-44E7-B902-18D560865CD9}.Debug|x64.ActiveCfg = Debug|x64
		{F07FA33C-9176-44E7-B902-18D560865CD9}.Debug|x64.Build.0 = Debug|x64
		{F07FA33C-9176-44E7-B902-18D560865CD9}.Debug|x86.ActiveCfg = Debug|Win32
		{F07FA33C-9176-44E7-B902-18D560865CD9}.Debug|x86.Build.0 = Debug|Win32
		{F07FA33C-9176-44E7-B902-18D560865CD9}.Release|x64.ActiveCfg = Release|x64
		{F07FA33C-9176-44E7-B902-18D560865CD9}.Release|x64.Build.0 = Release|x64
		{F07FA33C-9176-44E7-B902-18D560865CD9}.Release|x86.ActiveCfg = Release|Win32
		{F07FA33C-9176-44E7-B902-18D560865CD9}.Release|x86.Build.0 = Release|Win32
	EndGlobalSection
	GlobalSection(SolutionProperties) = preSolution
		HideSolutionNode = FALSE
	EndGlobalSection
	GlobalSection(ExtensibilityGlobals) = postSolution
		SolutionGuid = {A255D371-00DA-4518-AF9B-F75857663512}
	EndGlobalSection
EndGlobal
