
Microsoft Visual Studio Solution File, Format Version 12.00
# Visual Studio Version 16
VisualStudioVersion = 16.0.31321.278
MinimumVisualStudioVersion = 10.0.40219.1
Project("{8BC9CEB8-8B4A-11D0-8D11-00A0C91BC942}") = "dop 2", "dop 2.vcxproj", "{26841D0C-6F70-4035-8FFC-839F4A765364}"
EndProject
Global
	GlobalSection(SolutionConfigurationPlatforms) = preSolution
		Debug|x64 = Debug|x64
		Debug|x86 = Debug|x86
		Release|x64 = Release|x64
		Release|x86 = Release|x86
	EndGlobalSection
	GlobalSection(ProjectConfigurationPlatforms) = postSolution
		{26841D0C-6F70-4035-8FFC-839F4A765364}.Debug|x64.ActiveCfg = Debug|x64
		{26841D0C-6F70-4035-8FFC-839F4A765364}.Debug|x64.Build.0 = Debug|x64
		{26841D0C-6F70-4035-8FFC-839F4A765364}.Debug|x86.ActiveCfg = Debug|Win32
		{26841D0C-6F70-4035-8FFC-839F4A765364}.Debug|x86.Build.0 = Debug|Win32
		{26841D0C-6F70-4035-8FFC-839F4A765364}.Release|x64.ActiveCfg = Release|x64
		{26841D0C-6F70-4035-8FFC-839F4A765364}.Release|x64.Build.0 = Release|x64
		{26841D0C-6F70-4035-8FFC-839F4A765364}.Release|x86.ActiveCfg = Release|Win32
		{26841D0C-6F70-4035-8FFC-839F4A765364}.Release|x86.Build.0 = Release|Win32
	EndGlobalSection
	GlobalSection(SolutionProperties) = preSolution
		HideSolutionNode = FALSE
	EndGlobalSection
	GlobalSection(ExtensibilityGlobals) = postSolution
		SolutionGuid = {BD6B0D86-0434-475C-A80B-85D63E76CB10}
	EndGlobalSection
EndGlobal
